
Microsoft Visual Studio Solution File, Format Version 12.00
# Visual Studio Version 16
VisualStudioVersion = 16.0.32126.315
MinimumVisualStudioVersion = 10.0.40219.1
Project("{FAE04EC0-301F-11D3-BF4B-00C04F79EFBC}") = "ChameleonSysExEd", "ChameleonSysExEd\ChameleonSysExEd.csproj", "{FA22AD0C-1FB1-4423-81D7-3A7A547A0FF3}"
EndProject
Project("{2150E333-8FDC-42A3-9474-1A3956D46DE8}") = "Solution Items", "Solution Items", "{DFBE2A4F-21F2-4C48-B7DB-EBF66EA87481}"
	ProjectSection(SolutionItems) = preProject
		stringsout.txt = stringsout.txt
	EndProjectSection
EndProject
Project("{FAE04EC0-301F-11D3-BF4B-00C04F79EFBC}") = "Sanford.Multimedia.Midi", "..\Sanford.Multimedia.Midi\Source\Sanford.Multimedia.Midi.csproj", "{4269C72A-8D3A-4737-8F89-72EAA33EA9E1}"
EndProject
Global
	GlobalSection(SolutionConfigurationPlatforms) = preSolution
		Debug|Any CPU = Debug|Any CPU
		Debug|x86 = Debug|x86
		Release|Any CPU = Release|Any CPU
		Release|x86 = Release|x86
	EndGlobalSection
	GlobalSection(ProjectConfigurationPlatforms) = postSolution
		{FA22AD0C-1FB1-4423-81D7-3A7A547A0FF3}.Debug|Any CPU.ActiveCfg = Debug|Win32
		{FA22AD0C-1FB1-4423-81D7-3A7A547A0FF3}.Debug|Any CPU.Build.0 = Debug|Win32
		{FA22AD0C-1FB1-4423-81D7-3A7A547A0FF3}.Debug|x86.ActiveCfg = Debug|x86
		{FA22AD0C-1FB1-4423-81D7-3A7A547A0FF3}.Debug|x86.Build.0 = Debug|x86
		{FA22AD0C-1FB1-4423-81D7-3A7A547A0FF3}.Release|Any CPU.ActiveCfg = Release|Any CPU
		{FA22AD0C-1FB1-4423-81D7-3A7A547A0FF3}.Release|Any CPU.Build.0 = Release|Any CPU
		{FA22AD0C-1FB1-4423-81D7-3A7A547A0FF3}.Release|x86.ActiveCfg = Release|x86
		{FA22AD0C-1FB1-4423-81D7-3A7A547A0FF3}.Release|x86.Build.0 = Release|x86
		{4269C72A-8D3A-4737-8F89-72EAA33EA9E1}.Debug|Any CPU.ActiveCfg = Debug|Any CPU
		{4269C72A-8D3A-4737-8F89-72EAA33EA9E1}.Debug|Any CPU.Build.0 = Debug|Any CPU
		{4269C72A-8D3A-4737-8F89-72EAA33EA9E1}.Debug|x86.ActiveCfg = Debug|Any CPU
		{4269C72A-8D3A-4737-8F89-72EAA33EA9E1}.Debug|x86.Build.0 = Debug|Any CPU
		{4269C72A-8D3A-4737-8F89-72EAA33EA9E1}.Release|Any CPU.ActiveCfg = Release|Any CPU
		{4269C72A-8D3A-4737-8F89-72EAA33EA9E1}.Release|Any CPU.Build.0 = Release|Any CPU
		{4269C72A-8D3A-4737-8F89-72EAA33EA9E1}.Release|x86.ActiveCfg = Release|Any CPU
		{4269C72A-8D3A-4737-8F89-72EAA33EA9E1}.Release|x86.Build.0 = Release|Any CPU
	EndGlobalSection
	GlobalSection(SolutionProperties) = preSolution
		HideSolutionNode = FALSE
	EndGlobalSection
	GlobalSection(ExtensibilityGlobals) = postSolution
		SolutionGuid = {0E0DE59E-43C8-4A3B-8B76-E3E0508DC2EB}
	EndGlobalSection
EndGlobal
